{
  "requires": true,
  "lockfileVersion": 1,
  "dependencies": {
    "fastify-cors": {
      "version": "6.0.3",
      "resolved": "https://registry.npmjs.org/fastify-cors/-/fastify-cors-6.0.3.tgz",
      "integrity": "sha512-fMbXubKKyBHHCfSBtsCi3+7VyVRdhJQmGes5gM+eGKkRErCdm0NaYO0ozd31BQBL1ycoTIjbqOZhJo4RTF/Vlg==",
      "requires": {
        "fastify-plugin": "^3.0.0",
        "vary": "^1.1.2"
      }
    },
    "fastify-plugin": {
      "version": "3.0.1",
      "resolved": "https://registry.npmjs.org/fastify-plugin/-/fastify-plugin-3.0.1.tgz",
      "integrity": "sha512-qKcDXmuZadJqdTm6vlCqioEbyewF60b/0LOFCcYN1B6BIZGlYJumWWOYs70SFYLDAH4YqdE1cxH/RKMG7rFxgA=="
    },
    "vary": {
      "version": "1.1.2",
      "resolved": "https://registry.npmjs.org/vary/-/vary-1.1.2.tgz",
      "integrity": "sha1-IpnwLG3tMNSllhsLn3RSShj2NPw="
    }
  }
}
